# This file is generated by running "yarn install" inside your project.
# Manual changes might be lost - proceed with caution!

__metadata:
  version: 6
  cacheKey: 8

"@adraffy/ens-normalize@npm:1.10.1":
  version: 1.10.1
  resolution: "@adraffy/ens-normalize@npm:1.10.1"
  checksum: 0836f394ea256972ec19a0b5e78cb7f5bcdfd48d8a32c7478afc94dd53ae44c04d1aa2303d7f3077b4f3ac2323b1f557ab9188e8059978748fdcd83e04a80dcc
  languageName: node
  linkType: hard

"@next/env@npm:14.2.7":
  version: 14.2.7
  resolution: "@next/env@npm:14.2.7"
  checksum: 8d3c4338f1a06683f938492391634ce1dd7a5c4a3dff030f4aeddc06fb0feb05904d292af42d5c87c4bb2521c9186c973d6146410a89d1161966b3f6a8d46c75
  languageName: node
  linkType: hard

"@next/swc-darwin-arm64@npm:14.2.7":
  version: 14.2.7
  resolution: "@next/swc-darwin-arm64@npm:14.2.7"
  conditions: os=darwin & cpu=arm64
  languageName: node
  linkType: hard

"@next/swc-darwin-x64@npm:14.2.7":
  version: 14.2.7
  resolution: "@next/swc-darwin-x64@npm:14.2.7"
  conditions: os=darwin & cpu=x64
  languageName: node
  linkType: hard

"@next/swc-linux-arm64-gnu@npm:14.2.7":
  version: 14.2.7
  resolution: "@next/swc-linux-arm64-gnu@npm:14.2.7"
  conditions: os=linux & cpu=arm64 & libc=glibc
  languageName: node
  linkType: hard

"@next/swc-linux-arm64-musl@npm:14.2.7":
  version: 14.2.7
  resolution: "@next/swc-linux-arm64-musl@npm:14.2.7"
  conditions: os=linux & cpu=arm64 & libc=musl
  languageName: node
  linkType: hard

"@next/swc-linux-x64-gnu@npm:14.2.7":
  version: 14.2.7
  resolution: "@next/swc-linux-x64-gnu@npm:14.2.7"
  conditions: os=linux & cpu=x64 & libc=glibc
  languageName: node
  linkType: hard

"@next/swc-linux-x64-musl@npm:14.2.7":
  version: 14.2.7
  resolution: "@next/swc-linux-x64-musl@npm:14.2.7"
  conditions: os=linux & cpu=x64 & libc=musl
  languageName: node
  linkType: hard

"@next/swc-win32-arm64-msvc@npm:14.2.7":
  version: 14.2.7
  resolution: "@next/swc-win32-arm64-msvc@npm:14.2.7"
  conditions: os=win32 & cpu=arm64
  languageName: node
  linkType: hard

"@next/swc-win32-ia32-msvc@npm:14.2.7":
  version: 14.2.7
  resolution: "@next/swc-win32-ia32-msvc@npm:14.2.7"
  conditions: os=win32 & cpu=ia32
  languageName: node
  linkType: hard

"@next/swc-win32-x64-msvc@npm:14.2.7":
  version: 14.2.7
  resolution: "@next/swc-win32-x64-msvc@npm:14.2.7"
  conditions: os=win32 & cpu=x64
  languageName: node
  linkType: hard

"@noble/curves@npm:1.2.0":
  version: 1.2.0
  resolution: "@noble/curves@npm:1.2.0"
  dependencies:
    "@noble/hashes": 1.3.2
  checksum: bb798d7a66d8e43789e93bc3c2ddff91a1e19fdb79a99b86cd98f1e5eff0ee2024a2672902c2576ef3577b6f282f3b5c778bebd55761ddbb30e36bf275e83dd0
  languageName: node
  linkType: hard

"@noble/hashes@npm:1.3.2":
  version: 1.3.2
  resolution: "@noble/hashes@npm:1.3.2"
  checksum: fe23536b436539d13f90e4b9be843cc63b1b17666a07634a2b1259dded6f490be3d050249e6af98076ea8f2ea0d56f578773c2197f2aa0eeaa5fba5bc18ba474
  languageName: node
  linkType: hard

"@swc/counter@npm:^0.1.3":
  version: 0.1.3
  resolution: "@swc/counter@npm:0.1.3"
  checksum: df8f9cfba9904d3d60f511664c70d23bb323b3a0803ec9890f60133954173047ba9bdeabce28cd70ba89ccd3fd6c71c7b0bd58be85f611e1ffbe5d5c18616598
  languageName: node
  linkType: hard

"@swc/helpers@npm:0.5.5":
  version: 0.5.5
  resolution: "@swc/helpers@npm:0.5.5"
  dependencies:
    "@swc/counter": ^0.1.3
    tslib: ^2.4.0
  checksum: d4f207b191e54b29460804ddf2984ba6ece1d679a0b2f6a9c765dcf27bba92c5769e7965668a4546fb9f1021eaf0ff9be4bf5c235ce12adcd65acdfe77187d11
  languageName: node
  linkType: hard

"@types/node@npm:18.15.13":
  version: 18.15.13
  resolution: "@types/node@npm:18.15.13"
  checksum: 79cc5a2b5f98e8973061a4260a781425efd39161a0e117a69cd089603964816c1a14025e1387b4590c8e82d05133b7b4154fa53a7dffb3877890a66145e76515
  languageName: node
  linkType: hard

"@types/node@npm:22.5.2":
  version: 22.5.2
  resolution: "@types/node@npm:22.5.2"
  dependencies:
    undici-types: ~6.19.2
  checksum: 5e47839dd1919b39927a5552137ded5d3f18d9ff7729083ba851d640a6a0997ee747b9e2cf4c8a1f8418ad92ef7f0ada4fdc2d005dad2efb39fa80a5c7f6d23d
  languageName: node
  linkType: hard

"@types/prop-types@npm:*":
  version: 15.7.12
  resolution: "@types/prop-types@npm:15.7.12"
  checksum: ac16cc3d0a84431ffa5cfdf89579ad1e2269549f32ce0c769321fdd078f84db4fbe1b461ed5a1a496caf09e637c0e367d600c541435716a55b1d9713f5035dfe
  languageName: node
  linkType: hard

"@types/react@npm:18.3.5":
  version: 18.3.5
  resolution: "@types/react@npm:18.3.5"
  dependencies:
    "@types/prop-types": "*"
    csstype: ^3.0.2
  checksum: 63d2ff473b348c902b68c20be55d2c5124d078c4336c2d1778f316c27789ed596657e8e714022ce14fb24994b0960fc64c913e629bb0bf85815355b0c31eb46b
  languageName: node
  linkType: hard

"aes-js@npm:4.0.0-beta.5":
  version: 4.0.0-beta.5
  resolution: "aes-js@npm:4.0.0-beta.5"
  checksum: cc2ea969d77df939c32057f7e361b6530aa6cb93cb10617a17a45cd164e6d761002f031ff6330af3e67e58b1f0a3a8fd0b63a720afd591a653b02f649470e15b
  languageName: node
  linkType: hard

"busboy@npm:1.6.0":
  version: 1.6.0
  resolution: "busboy@npm:1.6.0"
  dependencies:
    streamsearch: ^1.1.0
  checksum: 32801e2c0164e12106bf236291a00795c3c4e4b709ae02132883fe8478ba2ae23743b11c5735a0aae8afe65ac4b6ca4568b91f0d9fed1fdbc32ede824a73746e
  languageName: node
  linkType: hard

"caniuse-lite@npm:^1.0.30001579":
  version: 1.0.30001655
  resolution: "caniuse-lite@npm:1.0.30001655"
  checksum: 3739c8f6d0fb55cff3c631d28c4fdafc81ab28756ce17a373428042c06f84a5877288d89fbe41be5ac494dd5092dca38ab91c9304e81935b9f2938419d2c23b3
  languageName: node
  linkType: hard

"client-only@npm:0.0.1":
  version: 0.0.1
  resolution: "client-only@npm:0.0.1"
  checksum: 0c16bf660dadb90610553c1d8946a7fdfb81d624adea073b8440b7d795d5b5b08beb3c950c6a2cf16279365a3265158a236876d92bce16423c485c322d7dfaf8
  languageName: node
  linkType: hard

"csstype@npm:^3.0.2":
  version: 3.1.3
  resolution: "csstype@npm:3.1.3"
  checksum: 8db785cc92d259102725b3c694ec0c823f5619a84741b5c7991b8ad135dfaa66093038a1cc63e03361a6cd28d122be48f2106ae72334e067dd619a51f49eddf7
  languageName: node
  linkType: hard

"ethers@npm:^6.13.2":
  version: 6.13.2
  resolution: "ethers@npm:6.13.2"
  dependencies:
    "@adraffy/ens-normalize": 1.10.1
    "@noble/curves": 1.2.0
    "@noble/hashes": 1.3.2
    "@types/node": 18.15.13
    aes-js: 4.0.0-beta.5
    tslib: 2.4.0
    ws: 8.17.1
  checksum: 981860c736c7ae121774ad38ea07e3611ce524a77d2fcb77db499b65afe0cbe8f344cd5204d94b68b316349ff770fd2a7d9c8b2039da41c072f98d9864099925
  languageName: node
  linkType: hard

"graceful-fs@npm:^4.2.11":
  version: 4.2.11
  resolution: "graceful-fs@npm:4.2.11"
  checksum: ac85f94da92d8eb6b7f5a8b20ce65e43d66761c55ce85ac96df6865308390da45a8d3f0296dd3a663de65d30ba497bd46c696cc1e248c72b13d6d567138a4fc7
  languageName: node
  linkType: hard

"js-tokens@npm:^3.0.0 || ^4.0.0":
  version: 4.0.0
  resolution: "js-tokens@npm:4.0.0"
  checksum: 8a95213a5a77deb6cbe94d86340e8d9ace2b93bc367790b260101d2f36a2eaf4e4e22d9fa9cf459b38af3a32fb4190e638024cf82ec95ef708680e405ea7cc78
  languageName: node
  linkType: hard

"loose-envify@npm:^1.1.0":
  version: 1.4.0
  resolution: "loose-envify@npm:1.4.0"
  dependencies:
    js-tokens: ^3.0.0 || ^4.0.0
  bin:
    loose-envify: cli.js
  checksum: 6517e24e0cad87ec9888f500c5b5947032cdfe6ef65e1c1936a0c48a524b81e65542c9c3edc91c97d5bddc806ee2a985dbc79be89215d613b1de5db6d1cfe6f4
  languageName: node
  linkType: hard

"nanoid@npm:^3.3.6":
  version: 3.3.7
  resolution: "nanoid@npm:3.3.7"
  bin:
    nanoid: bin/nanoid.cjs
  checksum: d36c427e530713e4ac6567d488b489a36582ef89da1d6d4e3b87eded11eb10d7042a877958c6f104929809b2ab0bafa17652b076cdf84324aa75b30b722204f2
  languageName: node
  linkType: hard

"next@npm:^14.2.7":
  version: 14.2.7
  resolution: "next@npm:14.2.7"
  dependencies:
    "@next/env": 14.2.7
    "@next/swc-darwin-arm64": 14.2.7
    "@next/swc-darwin-x64": 14.2.7
    "@next/swc-linux-arm64-gnu": 14.2.7
    "@next/swc-linux-arm64-musl": 14.2.7
    "@next/swc-linux-x64-gnu": 14.2.7
    "@next/swc-linux-x64-musl": 14.2.7
    "@next/swc-win32-arm64-msvc": 14.2.7
    "@next/swc-win32-ia32-msvc": 14.2.7
    "@next/swc-win32-x64-msvc": 14.2.7
    "@swc/helpers": 0.5.5
    busboy: 1.6.0
    caniuse-lite: ^1.0.30001579
    graceful-fs: ^4.2.11
    postcss: 8.4.31
    styled-jsx: 5.1.1
  peerDependencies:
    "@opentelemetry/api": ^1.1.0
    "@playwright/test": ^1.41.2
    react: ^18.2.0
    react-dom: ^18.2.0
    sass: ^1.3.0
  dependenciesMeta:
    "@next/swc-darwin-arm64":
      optional: true
    "@next/swc-darwin-x64":
      optional: true
    "@next/swc-linux-arm64-gnu":
      optional: true
    "@next/swc-linux-arm64-musl":
      optional: true
    "@next/swc-linux-x64-gnu":
      optional: true
    "@next/swc-linux-x64-musl":
      optional: true
    "@next/swc-win32-arm64-msvc":
      optional: true
    "@next/swc-win32-ia32-msvc":
      optional: true
    "@next/swc-win32-x64-msvc":
      optional: true
  peerDependenciesMeta:
    "@opentelemetry/api":
      optional: true
    "@playwright/test":
      optional: true
    sass:
      optional: true
  bin:
    next: dist/bin/next
  checksum: bc0237acb57c338803e0ef5ecc1b51908583da9d9dd325ece8b5862beba27b0ab556e9f8bdea863fc4fbf8378200946dcb0ad911ea978d166c8741c434461fe7
  languageName: node
  linkType: hard

"picocolors@npm:^1.0.0":
  version: 1.0.1
  resolution: "picocolors@npm:1.0.1"
  checksum: fa68166d1f56009fc02a34cdfd112b0dd3cf1ef57667ac57281f714065558c01828cdf4f18600ad6851cbe0093952ed0660b1e0156bddf2184b6aaf5817553a5
  languageName: node
  linkType: hard

"postcss@npm:8.4.31":
  version: 8.4.31
  resolution: "postcss@npm:8.4.31"
  dependencies:
    nanoid: ^3.3.6
    picocolors: ^1.0.0
    source-map-js: ^1.0.2
  checksum: 1d8611341b073143ad90486fcdfeab49edd243377b1f51834dc4f6d028e82ce5190e4f11bb2633276864503654fb7cab28e67abdc0fbf9d1f88cad4a0ff0beea
  languageName: node
  linkType: hard

"react-dom@npm:^18.3.1":
  version: 18.3.1
  resolution: "react-dom@npm:18.3.1"
  dependencies:
    loose-envify: ^1.1.0
    scheduler: ^0.23.2
  peerDependencies:
    react: ^18.3.1
  checksum: 298954ecd8f78288dcaece05e88b570014d8f6dce5db6f66e6ee91448debeb59dcd31561dddb354eee47e6c1bb234669459060deb238ed0213497146e555a0b9
  languageName: node
  linkType: hard

"react@npm:^18.3.1":
  version: 18.3.1
  resolution: "react@npm:18.3.1"
  dependencies:
    loose-envify: ^1.1.0
  checksum: a27bcfa8ff7c15a1e50244ad0d0c1cb2ad4375eeffefd266a64889beea6f6b64c4966c9b37d14ee32d6c9fcd5aa6ba183b6988167ab4d127d13e7cb5b386a376
  languageName: node
  linkType: hard

"root-workspace-0b6124@workspace:.":
  version: 0.0.0-use.local
  resolution: "root-workspace-0b6124@workspace:."
  dependencies:
    "@types/node": 22.5.2
    "@types/react": 18.3.5
    ethers: ^6.13.2
    next: ^14.2.7
    react: ^18.3.1
    react-dom: ^18.3.1
    typescript: 5.5.4
  languageName: unknown
  linkType: soft

"scheduler@npm:^0.23.2":
  version: 0.23.2
  resolution: "scheduler@npm:0.23.2"
  dependencies:
    loose-envify: ^1.1.0
  checksum: 3e82d1f419e240ef6219d794ff29c7ee415fbdc19e038f680a10c067108e06284f1847450a210b29bbaf97b9d8a97ced5f624c31c681248ac84c80d56ad5a2c4
  languageName: node
  linkType: hard

"source-map-js@npm:^1.0.2":
  version: 1.2.0
  resolution: "source-map-js@npm:1.2.0"
  checksum: 791a43306d9223792e84293b00458bf102a8946e7188f3db0e4e22d8d530b5f80a4ce468eb5ec0bf585443ad55ebbd630bf379c98db0b1f317fd902500217f97
  languageName: node
  linkType: hard

"streamsearch@npm:^1.1.0":
  version: 1.1.0
  resolution: "streamsearch@npm:1.1.0"
  checksum: 1cce16cea8405d7a233d32ca5e00a00169cc0e19fbc02aa839959985f267335d435c07f96e5e0edd0eadc6d39c98d5435fb5bbbdefc62c41834eadc5622ad942
  languageName: node
  linkType: hard

"styled-jsx@npm:5.1.1":
  version: 5.1.1
  resolution: "styled-jsx@npm:5.1.1"
  dependencies:
    client-only: 0.0.1
  peerDependencies:
    react: ">= 16.8.0 || 17.x.x || ^18.0.0-0"
  peerDependenciesMeta:
    "@babel/core":
      optional: true
    babel-plugin-macros:
      optional: true
  checksum: 523a33b38603492547e861b98e29c873939b04e15fbe5ef16132c6f1e15958126647983c7d4675325038b428a5e91183d996e90141b18bdd1bbadf6e2c45b2fa
  languageName: node
  linkType: hard

"tslib@npm:2.4.0":
  version: 2.4.0
  resolution: "tslib@npm:2.4.0"
  checksum: 8c4aa6a3c5a754bf76aefc38026134180c053b7bd2f81338cb5e5ebf96fefa0f417bff221592bf801077f5bf990562f6264fecbc42cd3309b33872cb6fc3b113
  languageName: node
  linkType: hard

"tslib@npm:^2.4.0":
  version: 2.7.0
  resolution: "tslib@npm:2.7.0"
  checksum: 1606d5c89f88d466889def78653f3aab0f88692e80bb2066d090ca6112ae250ec1cfa9dbfaab0d17b60da15a4186e8ec4d893801c67896b277c17374e36e1d28
  languageName: node
  linkType: hard

"typescript@npm:5.5.4":
  version: 5.5.4
  resolution: "typescript@npm:5.5.4"
  bin:
    tsc: bin/tsc
    tsserver: bin/tsserver
  checksum: b309040f3a1cd91c68a5a58af6b9fdd4e849b8c42d837b2c2e73f9a4f96a98c4f1ed398a9aab576ee0a4748f5690cf594e6b99dbe61de7839da748c41e6d6ca8
  languageName: node
  linkType: hard

"typescript@patch:typescript@5.5.4#~builtin<compat/typescript>":
  version: 5.5.4
  resolution: "typescript@patch:typescript@npm%3A5.5.4#~builtin<compat/typescript>::version=5.5.4&hash=d73830"
  bin:
    tsc: bin/tsc
    tsserver: bin/tsserver
  checksum: fc52962f31a5bcb716d4213bef516885e4f01f30cea797a831205fc9ef12b405a40561c40eae3127ab85ba1548e7df49df2bcdee6b84a94bfbe3a0d7eff16b14
  languageName: node
  linkType: hard

"undici-types@npm:~6.19.2":
  version: 6.19.8
  resolution: "undici-types@npm:6.19.8"
  checksum: de51f1b447d22571cf155dfe14ff6d12c5bdaec237c765085b439c38ca8518fc360e88c70f99469162bf2e14188a7b0bcb06e1ed2dc031042b984b0bb9544017
  languageName: node
  linkType: hard

"ws@npm:8.17.1":
  version: 8.17.1
  resolution: "ws@npm:8.17.1"
  peerDependencies:
    bufferutil: ^4.0.1
    utf-8-validate: ">=5.0.2"
  peerDependenciesMeta:
    bufferutil:
      optional: true
    utf-8-validate:
      optional: true
  checksum: 442badcce1f1178ec87a0b5372ae2e9771e07c4929a3180321901f226127f252441e8689d765aa5cfba5f50ac60dd830954afc5aeae81609aefa11d3ddf5cecf
  languageName: node
  linkType: hard
